
Microsoft Visual Studio Solution File, Format Version 12.00
# Visual Studio 2012
Project("{FAE04EC0-301F-11D3-BF4B-00C04F79EFBC}") = "CipherV", "HW16\CipherV.csproj", "{E453EFB0-A8D2-4767-A908-4920DC903F42}"
EndProject
Global
	GlobalSection(SolutionConfigurationPlatforms) = preSolution
		Debug|Any CPU = Debug|Any CPU
		Release|Any CPU = Release|Any CPU
	EndGlobalSection
	GlobalSection(ProjectConfigurationPlatforms) = postSolution
		{E453EFB0-A8D2-4767-A908-4920DC903F42}.Debug|Any CPU.ActiveCfg = Debug|Any CPU
		{E453EFB0-A8D2-4767-A908-4920DC903F42}.Debug|Any CPU.Build.0 = Debug|Any CPU
		{E453EFB0-A8D2-4767-A908-4920DC903F42}.Release|Any CPU.ActiveCfg = Release|Any CPU
		{E453EFB0-A8D2-4767-A908-4920DC903F42}.Release|Any CPU.Build.0 = Release|Any CPU
	EndGlobalSection
	GlobalSection(SolutionProperties) = preSolution
		HideSolutionNode = FALSE
	EndGlobalSection
EndGlobal
